// !$*UTF8*$!
{
	archiveVersion = 1;
	classes = {
	};
	objectVersion = 55;
	objects = {

/* Begin PBXBuildFile section */
		32A3EF194C1EE7A5719DD333 /* Pods_CodebaseBooks.framework in Frameworks */ = {isa = PBXBuildFile; fileRef = 0B62DB4C7B6DE4ECB2E61AEC /* Pods_CodebaseBooks.framework */; };
		7A38076B28747C2B0031CCFE /* Ex_UIView.swift in Sources */ = {isa = PBXBuildFile; fileRef = 7A38076A28747C2B0031CCFE /* Ex_UIView.swift */; };
		C37B166528766A0F00674314 /* Ex_String.swift in Sources */ = {isa = PBXBuildFile; fileRef = C37B166428766A0F00674314 /* Ex_String.swift */; };
		C37B16672876B6FC00674314 /* Ex_ConstraintMakerRelatable.swift in Sources */ = {isa = PBXBuildFile; fileRef = C37B16662876B6FC00674314 /* Ex_ConstraintMakerRelatable.swift */; };
		C39C4A0D28742536000A1221 /* AppDelegate.swift in Sources */ = {isa = PBXBuildFile; fileRef = C39C4A0C28742536000A1221 /* AppDelegate.swift */; };
		C39C4A0F28742536000A1221 /* SceneDelegate.swift in Sources */ = {isa = PBXBuildFile; fileRef = C39C4A0E28742536000A1221 /* SceneDelegate.swift */; };
		C39C4A1128742536000A1221 /* TabBarController.swift in Sources */ = {isa = PBXBuildFile; fileRef = C39C4A1028742536000A1221 /* TabBarController.swift */; };
		C39C4A1628742537000A1221 /* Assets.xcassets in Resources */ = {isa = PBXBuildFile; fileRef = C39C4A1528742537000A1221 /* Assets.xcassets */; };
		C39C4A1928742537000A1221 /* LaunchScreen.storyboard in Resources */ = {isa = PBXBuildFile; fileRef = C39C4A1728742537000A1221 /* LaunchScreen.storyboard */; };
		C39C4A24287426AA000A1221 /* SearchViewController.swift in Sources */ = {isa = PBXBuildFile; fileRef = C39C4A23287426AA000A1221 /* SearchViewController.swift */; };
		C39C4A26287426B6000A1221 /* NewViewController.swift in Sources */ = {isa = PBXBuildFile; fileRef = C39C4A25287426B6000A1221 /* NewViewController.swift */; };
		C39C4A2828742A04000A1221 /* NewTableCell.swift in Sources */ = {isa = PBXBuildFile; fileRef = C39C4A2728742A04000A1221 /* NewTableCell.swift */; };
		C3BFD3D52877EDEF00D23CE1 /* APIService.swift in Sources */ = {isa = PBXBuildFile; fileRef = C3BFD3D42877EDEF00D23CE1 /* APIService.swift */; };
		C3CC6AA72875108D0045ED8C /* BookModel.swift in Sources */ = {isa = PBXBuildFile; fileRef = C3CC6AA62875108D0045ED8C /* BookModel.swift */; };
		C3CC6AA92875189B0045ED8C /* NewDetailViewController.swift in Sources */ = {isa = PBXBuildFile; fileRef = C3CC6AA82875189B0045ED8C /* NewDetailViewController.swift */; };
		C3CC6AAD287529350045ED8C /* BookError.swift in Sources */ = {isa = PBXBuildFile; fileRef = C3CC6AAC287529350045ED8C /* BookError.swift */; };
		C3CC6AAF2875488B0045ED8C /* SearchTableCell.swift in Sources */ = {isa = PBXBuildFile; fileRef = C3CC6AAE2875488B0045ED8C /* SearchTableCell.swift */; };
		C3CC6AB128754A8C0045ED8C /* Ex_UIImageView.swift in Sources */ = {isa = PBXBuildFile; fileRef = C3CC6AB028754A8C0045ED8C /* Ex_UIImageView.swift */; };
/* End PBXBuildFile section */

/* Begin PBXFileReference section */
		0B62DB4C7B6DE4ECB2E61AEC /* Pods_CodebaseBooks.framework */ = {isa = PBXFileReference; explicitFileType = wrapper.framework; includeInIndex = 0; path = Pods_CodebaseBooks.framework; sourceTree = BUILT_PRODUCTS_DIR; };
		7A38076A28747C2B0031CCFE /* Ex_UIView.swift */ = {isa = PBXFileReference; lastKnownFileType = sourcecode.swift; path = Ex_UIView.swift; sourceTree = "<group>"; };
		927DA39E4A9FFD20C10F5448 /* Pods-CodebaseBooks.debug.xcconfig */ = {isa = PBXFileReference; includeInIndex = 1; lastKnownFileType = text.xcconfig; name = "Pods-CodebaseBooks.debug.xcconfig"; path = "Target Support Files/Pods-CodebaseBooks/Pods-CodebaseBooks.debug.xcconfig"; sourceTree = "<group>"; };
		C37B166428766A0F00674314 /* Ex_String.swift */ = {isa = PBXFileReference; lastKnownFileType = sourcecode.swift; path = Ex_String.swift; sourceTree = "<group>"; };
		C37B16662876B6FC00674314 /* Ex_ConstraintMakerRelatable.swift */ = {isa = PBXFileReference; lastKnownFileType = sourcecode.swift; path = Ex_ConstraintMakerRelatable.swift; sourceTree = "<group>"; };
		C39C4A0928742536000A1221 /* CodebaseBooks.app */ = {isa = PBXFileReference; explicitFileType = wrapper.application; includeInIndex = 0; path = CodebaseBooks.app; sourceTree = BUILT_PRODUCTS_DIR; };
		C39C4A0C28742536000A1221 /* AppDelegate.swift */ = {isa = PBXFileReference; lastKnownFileType = sourcecode.swift; path = AppDelegate.swift; sourceTree = "<group>"; };
		C39C4A0E28742536000A1221 /* SceneDelegate.swift */ = {isa = PBXFileReference; lastKnownFileType = sourcecode.swift; path = SceneDelegate.swift; sourceTree = "<group>"; };
		C39C4A1028742536000A1221 /* TabBarController.swift */ = {isa = PBXFileReference; lastKnownFileType = sourcecode.swift; path = TabBarController.swift; sourceTree = "<group>"; };
		C39C4A1528742537000A1221 /* Assets.xcassets */ = {isa = PBXFileReference; lastKnownFileType = folder.assetcatalog; path = Assets.xcassets; sourceTree = "<group>"; };
		C39C4A1828742537000A1221 /* Base */ = {isa = PBXFileReference; lastKnownFileType = file.storyboard; name = Base; path = Base.lproj/LaunchScreen.storyboard; sourceTree = "<group>"; };
		C39C4A1A28742537000A1221 /* Info.plist */ = {isa = PBXFileReference; lastKnownFileType = text.plist.xml; path = Info.plist; sourceTree = "<group>"; };
		C39C4A23287426AA000A1221 /* SearchViewController.swift */ = {isa = PBXFileReference; lastKnownFileType = sourcecode.swift; path = SearchViewController.swift; sourceTree = "<group>"; };
		C39C4A25287426B6000A1221 /* NewViewController.swift */ = {isa = PBXFileReference; lastKnownFileType = sourcecode.swift; path = NewViewController.swift; sourceTree = "<group>"; };
		C39C4A2728742A04000A1221 /* NewTableCell.swift */ = {isa = PBXFileReference; lastKnownFileType = sourcecode.swift; path = NewTableCell.swift; sourceTree = "<group>"; };
		C3BFD3D42877EDEF00D23CE1 /* APIService.swift */ = {isa = PBXFileReference; lastKnownFileType = sourcecode.swift; path = APIService.swift; sourceTree = "<group>"; };
		C3CC6AA62875108D0045ED8C /* BookModel.swift */ = {isa = PBXFileReference; lastKnownFileType = sourcecode.swift; path = BookModel.swift; sourceTree = "<group>"; };
		C3CC6AA82875189B0045ED8C /* NewDetailViewController.swift */ = {isa = PBXFileReference; lastKnownFileType = sourcecode.swift; path = NewDetailViewController.swift; sourceTree = "<group>"; };
		C3CC6AAC287529350045ED8C /* BookError.swift */ = {isa = PBXFileReference; lastKnownFileType = sourcecode.swift; path = BookError.swift; sourceTree = "<group>"; };
		C3CC6AAE2875488B0045ED8C /* SearchTableCell.swift */ = {isa = PBXFileReference; lastKnownFileType = sourcecode.swift; path = SearchTableCell.swift; sourceTree = "<group>"; };
		C3CC6AB028754A8C0045ED8C /* Ex_UIImageView.swift */ = {isa = PBXFileReference; lastKnownFileType = sourcecode.swift; path = Ex_UIImageView.swift; sourceTree = "<group>"; };
		EEC9BDB573ACAAF8579D2557 /* Pods-CodebaseBooks.release.xcconfig */ = {isa = PBXFileReference; includeInIndex = 1; lastKnownFileType = text.xcconfig; name = "Pods-CodebaseBooks.release.xcconfig"; path = "Target Support Files/Pods-CodebaseBooks/Pods-CodebaseBooks.release.xcconfig"; sourceTree = "<group>"; };
/* End PBXFileReference section */

/* Begin PBXFrameworksBuildPhase section */
		C39C4A0628742536000A1221 /* Frameworks */ = {
			isa = PBXFrameworksBuildPhase;
			buildActionMask = 2147483647;
			files = (
				32A3EF194C1EE7A5719DD333 /* Pods_CodebaseBooks.framework in Frameworks */,
			);
			runOnlyForDeploymentPostprocessing = 0;
		};
/* End PBXFrameworksBuildPhase section */

/* Begin PBXGroup section */
		05B33E139562D010533734EB /* Pods */ = {
			isa = PBXGroup;
			children = (
				927DA39E4A9FFD20C10F5448 /* Pods-CodebaseBooks.debug.xcconfig */,
				EEC9BDB573ACAAF8579D2557 /* Pods-CodebaseBooks.release.xcconfig */,
			);
			path = Pods;
			sourceTree = "<group>";
		};
		1368C7333F1FE2CD03B4070C /* Frameworks */ = {
			isa = PBXGroup;
			children = (
				0B62DB4C7B6DE4ECB2E61AEC /* Pods_CodebaseBooks.framework */,
			);
			name = Frameworks;
			sourceTree = "<group>";
		};
		7A38076928747BE60031CCFE /* Extensions */ = {
			isa = PBXGroup;
			children = (
				7A38076A28747C2B0031CCFE /* Ex_UIView.swift */,
				C37B166428766A0F00674314 /* Ex_String.swift */,
				C3CC6AB028754A8C0045ED8C /* Ex_UIImageView.swift */,
				C37B16662876B6FC00674314 /* Ex_ConstraintMakerRelatable.swift */,
			);
			path = Extensions;
			sourceTree = "<group>";
		};
		C37B16632876605100674314 /* Error */ = {
			isa = PBXGroup;
			children = (
				C3CC6AAC287529350045ED8C /* BookError.swift */,
			);
			path = Error;
			sourceTree = "<group>";
		};
		C3894F65288137F800B0DA5A /* CommonDetailController */ = {
			isa = PBXGroup;
			children = (
				C3CC6AA82875189B0045ED8C /* NewDetailViewController.swift */,
			);
			path = CommonDetailController;
			sourceTree = "<group>";
		};
		C39C4A0028742536000A1221 = {
			isa = PBXGroup;
			children = (
				C39C4A0B28742536000A1221 /* CodebaseBooks */,
				C39C4A0A28742536000A1221 /* Products */,
				05B33E139562D010533734EB /* Pods */,
				1368C7333F1FE2CD03B4070C /* Frameworks */,
			);
			sourceTree = "<group>";
		};
		C39C4A0A28742536000A1221 /* Products */ = {
			isa = PBXGroup;
			children = (
				C39C4A0928742536000A1221 /* CodebaseBooks.app */,
			);
			name = Products;
			sourceTree = "<group>";
		};
		C39C4A0B28742536000A1221 /* CodebaseBooks */ = {
			isa = PBXGroup;
			children = (
				C3BFD3D9287813EA00D23CE1 /* SupportingFile */,
				C3BFD3D32877EDE000D23CE1 /* Networking */,
				C37B16632876605100674314 /* Error */,
				7A38076928747BE60031CCFE /* Extensions */,
				C3CC6AA5287510780045ED8C /* Model */,
				C39C4A20287425CE000A1221 /* Scenes */,
			);
			path = CodebaseBooks;
			sourceTree = "<group>";
		};
		C39C4A20287425CE000A1221 /* Scenes */ = {
			isa = PBXGroup;
			children = (
				C3894F65288137F800B0DA5A /* CommonDetailController */,
				C3BFD3DA2878150600D23CE1 /* TabBar */,
				C39C4A21287425DA000A1221 /* New */,
				C39C4A22287425E1000A1221 /* Search */,
			);
			path = Scenes;
			sourceTree = "<group>";
		};
		C39C4A21287425DA000A1221 /* New */ = {
			isa = PBXGroup;
			children = (
				C39C4A25287426B6000A1221 /* NewViewController.swift */,
				C39C4A2728742A04000A1221 /* NewTableCell.swift */,
			);
			path = New;
			sourceTree = "<group>";
		};
		C39C4A22287425E1000A1221 /* Search */ = {
			isa = PBXGroup;
			children = (
				C39C4A23287426AA000A1221 /* SearchViewController.swift */,
				C3CC6AAE2875488B0045ED8C /* SearchTableCell.swift */,
			);
			path = Search;
			sourceTree = "<group>";
		};
		C3BFD3D32877EDE000D23CE1 /* Networking */ = {
			isa = PBXGroup;
			children = (
				C3BFD3D42877EDEF00D23CE1 /* APIService.swift */,
			);
			path = Networking;
			sourceTree = "<group>";
		};
		C3BFD3D9287813EA00D23CE1 /* SupportingFile */ = {
			isa = PBXGroup;
			children = (
				C39C4A0C28742536000A1221 /* AppDelegate.swift */,
				C39C4A0E28742536000A1221 /* SceneDelegate.swift */,
				C39C4A1528742537000A1221 /* Assets.xcassets */,
				C39C4A1728742537000A1221 /* LaunchScreen.storyboard */,
				C39C4A1A28742537000A1221 /* Info.plist */,
			);
			path = SupportingFile;
			sourceTree = "<group>";
		};
		C3BFD3DA2878150600D23CE1 /* TabBar */ = {
			isa = PBXGroup;
			children = (
				C39C4A1028742536000A1221 /* TabBarController.swift */,
			);
			path = TabBar;
			sourceTree = "<group>";
		};
		C3CC6AA5287510780045ED8C /* Model */ = {
			isa = PBXGroup;
			children = (
				C3CC6AA62875108D0045ED8C /* BookModel.swift */,
			);
			path = Model;
			sourceTree = "<group>";
		};
/* End PBXGroup section */

/* Begin PBXNativeTarget section */
		C39C4A0828742536000A1221 /* CodebaseBooks */ = {
			isa = PBXNativeTarget;
			buildConfigurationList = C39C4A1D28742537000A1221 /* Build configuration list for PBXNativeTarget "CodebaseBooks" */;
			buildPhases = (
				FF939488CBFF800A91C12C6A /* [CP] Check Pods Manifest.lock */,
				C39C4A0528742536000A1221 /* Sources */,
				C39C4A0628742536000A1221 /* Frameworks */,
				C39C4A0728742536000A1221 /* Resources */,
				3EA899970895947DE648FA42 /* [CP] Embed Pods Frameworks */,
			);
			buildRules = (
			);
			dependencies = (
			);
			name = CodebaseBooks;
			productName = CodebaseBooks;
			productReference = C39C4A0928742536000A1221 /* CodebaseBooks.app */;
			productType = "com.apple.product-type.application";
		};
/* End PBXNativeTarget section */

/* Begin PBXProject section */
		C39C4A0128742536000A1221 /* Project object */ = {
			isa = PBXProject;
			attributes = {
				BuildIndependentTargetsInParallel = 1;
				LastSwiftUpdateCheck = 1320;
				LastUpgradeCheck = 1320;
				TargetAttributes = {
					C39C4A0828742536000A1221 = {
						CreatedOnToolsVersion = 13.2.1;
					};
				};
			};
			buildConfigurationList = C39C4A0428742536000A1221 /* Build configuration list for PBXProject "CodebaseBooks" */;
			compatibilityVersion = "Xcode 13.0";
			developmentRegion = en;
			hasScannedForEncodings = 0;
			knownRegions = (
				en,
				Base,
			);
			mainGroup = C39C4A0028742536000A1221;
			productRefGroup = C39C4A0A28742536000A1221 /* Products */;
			projectDirPath = "";
			projectRoot = "";
			targets = (
				C39C4A0828742536000A1221 /* CodebaseBooks */,
			);
		};
/* End PBXProject section */

/* Begin PBXResourcesBuildPhase section */
		C39C4A0728742536000A1221 /* Resources */ = {
			isa = PBXResourcesBuildPhase;
			buildActionMask = 2147483647;
			files = (
				C39C4A1928742537000A1221 /* LaunchScreen.storyboard in Resources */,
				C39C4A1628742537000A1221 /* Assets.xcassets in Resources */,
			);
			runOnlyForDeploymentPostprocessing = 0;
		};
/* End PBXResourcesBuildPhase section */

/* Begin PBXShellScriptBuildPhase section */
		3EA899970895947DE648FA42 /* [CP] Embed Pods Frameworks */ = {
			isa = PBXShellScriptBuildPhase;
			buildActionMask = 2147483647;
			files = (
			);
			inputFileListPaths = (
				"${PODS_ROOT}/Target Support Files/Pods-CodebaseBooks/Pods-CodebaseBooks-frameworks-${CONFIGURATION}-input-files.xcfilelist",
			);
			name = "[CP] Embed Pods Frameworks";
			outputFileListPaths = (
				"${PODS_ROOT}/Target Support Files/Pods-CodebaseBooks/Pods-CodebaseBooks-frameworks-${CONFIGURATION}-output-files.xcfilelist",
			);
			runOnlyForDeploymentPostprocessing = 0;
			shellPath = /bin/sh;
			shellScript = "\"${PODS_ROOT}/Target Support Files/Pods-CodebaseBooks/Pods-CodebaseBooks-frameworks.sh\"\n";
			showEnvVarsInLog = 0;
		};
		FF939488CBFF800A91C12C6A /* [CP] Check Pods Manifest.lock */ = {
			isa = PBXShellScriptBuildPhase;
			buildActionMask = 2147483647;
			files = (
			);
			inputFileListPaths = (
			);
			inputPaths = (
				"${PODS_PODFILE_DIR_PATH}/Podfile.lock",
				"${PODS_ROOT}/Manifest.lock",
			);
			name = "[CP] Check Pods Manifest.lock";
			outputFileListPaths = (
			);
			outputPaths = (
				"$(DERIVED_FILE_DIR)/Pods-CodebaseBooks-checkManifestLockResult.txt",
			);
			runOnlyForDeploymentPostprocessing = 0;
			shellPath = /bin/sh;
			shellScript = "diff \"${PODS_PODFILE_DIR_PATH}/Podfile.lock\" \"${PODS_ROOT}/Manifest.lock\" > /dev/null\nif [ $? != 0 ] ; then\n    # print error to STDERR\n    echo \"error: The sandbox is not in sync with the Podfile.lock. Run 'pod install' or update your CocoaPods installation.\" >&2\n    exit 1\nfi\n# This output is used by Xcode 'outputs' to avoid re-running this script phase.\necho \"SUCCESS\" > \"${SCRIPT_OUTPUT_FILE_0}\"\n";
			showEnvVarsInLog = 0;
		};
/* End PBXShellScriptBuildPhase section */

/* Begin PBXSourcesBuildPhase section */
		C39C4A0528742536000A1221 /* Sources */ = {
			isa = PBXSourcesBuildPhase;
			buildActionMask = 2147483647;
			files = (
				C3BFD3D52877EDEF00D23CE1 /* APIService.swift in Sources */,
				7A38076B28747C2B0031CCFE /* Ex_UIView.swift in Sources */,
				C39C4A1128742536000A1221 /* TabBarController.swift in Sources */,
				C3CC6AAF2875488B0045ED8C /* SearchTableCell.swift in Sources */,
				C39C4A2828742A04000A1221 /* NewTableCell.swift in Sources */,
				C37B166528766A0F00674314 /* Ex_String.swift in Sources */,
				C39C4A0D28742536000A1221 /* AppDelegate.swift in Sources */,
				C39C4A26287426B6000A1221 /* NewViewController.swift in Sources */,
				C39C4A24287426AA000A1221 /* SearchViewController.swift in Sources */,
				C3CC6AA72875108D0045ED8C /* BookModel.swift in Sources */,
				C3CC6AA92875189B0045ED8C /* NewDetailViewController.swift in Sources */,
				C3CC6AB128754A8C0045ED8C /* Ex_UIImageView.swift in Sources */,
				C39C4A0F28742536000A1221 /* SceneDelegate.swift in Sources */,
				C37B16672876B6FC00674314 /* Ex_ConstraintMakerRelatable.swift in Sources */,
				C3CC6AAD287529350045ED8C /* BookError.swift in Sources */,
			);
			runOnlyForDeploymentPostprocessing = 0;
		};
/* End PBXSourcesBuildPhase section */

/* Begin PBXVariantGroup section */
		C39C4A1728742537000A1221 /* LaunchScreen.storyboard */ = {
			isa = PBXVariantGroup;
			children = (
				C39C4A1828742537000A1221 /* Base */,
			);
			name = LaunchScreen.storyboard;
			sourceTree = "<group>";
		};
/* End PBXVariantGroup section */

/* Begin XCBuildConfiguration section */
		C39C4A1B28742537000A1221 /* Debug */ = {
			isa = XCBuildConfiguration;
			buildSettings = {
				ALWAYS_SEARCH_USER_PATHS = NO;
				CLANG_ANALYZER_NONNULL = YES;
				CLANG_ANALYZER_NUMBER_OBJECT_CONVERSION = YES_AGGRESSIVE;
				CLANG_CXX_LANGUAGE_STANDARD = "gnu++17";
				CLANG_CXX_LIBRARY = "libc++";
				CLANG_ENABLE_MODULES = YES;
				CLANG_ENABLE_OBJC_ARC = YES;
				CLANG_ENABLE_OBJC_WEAK = YES;
				CLANG_WARN_BLOCK_CAPTURE_AUTORELEASING = YES;
				CLANG_WARN_BOOL_CONVERSION = YES;
				CLANG_WARN_COMMA = YES;
				CLANG_WARN_CONSTANT_CONVERSION = YES;
				CLANG_WARN_DEPRECATED_OBJC_IMPLEMENTATIONS = YES;
				CLANG_WARN_DIRECT_OBJC_ISA_USAGE = YES_ERROR;
				CLANG_WARN_DOCUMENTATION_COMMENTS = YES;
				CLANG_WARN_EMPTY_BODY = YES;
				CLANG_WARN_ENUM_CONVERSION = YES;
				CLANG_WARN_INFINITE_RECURSION = YES;
				CLANG_WARN_INT_CONVERSION = YES;
				CLANG_WARN_NON_LITERAL_NULL_CONVERSION = YES;
				CLANG_WARN_OBJC_IMPLICIT_RETAIN_SELF = YES;
				CLANG_WARN_OBJC_LITERAL_CONVERSION = YES;
				CLANG_WARN_OBJC_ROOT_CLASS = YES_ERROR;
				CLANG_WARN_QUOTED_INCLUDE_IN_FRAMEWORK_HEADER = YES;
				CLANG_WARN_RANGE_LOOP_ANALYSIS = YES;
				CLANG_WARN_STRICT_PROTOTYPES = YES;
				CLANG_WARN_SUSPICIOUS_MOVE = YES;
				CLANG_WARN_UNGUARDED_AVAILABILITY = YES_AGGRESSIVE;
				CLANG_WARN_UNREACHABLE_CODE = YES;
				CLANG_WARN__DUPLICATE_METHOD_MATCH = YES;
				COPY_PHASE_STRIP = NO;
				DEBUG_INFORMATION_FORMAT = dwarf;
				ENABLE_STRICT_OBJC_MSGSEND = YES;
				ENABLE_TESTABILITY = YES;
				GCC_C_LANGUAGE_STANDARD = gnu11;
				GCC_DYNAMIC_NO_PIC = NO;
				GCC_NO_COMMON_BLOCKS = YES;
				GCC_OPTIMIZATION_LEVEL = 0;
				GCC_PREPROCESSOR_DEFINITIONS = (
					"DEBUG=1",
					"$(inherited)",
				);
				GCC_WARN_64_TO_32_BIT_CONVERSION = YES;
				GCC_WARN_ABOUT_RETURN_TYPE = YES_ERROR;
				GCC_WARN_UNDECLARED_SELECTOR = YES;
				GCC_WARN_UNINITIALIZED_AUTOS = YES_AGGRESSIVE;
				GCC_WARN_UNUSED_FUNCTION = YES;
				GCC_WARN_UNUSED_VARIABLE = YES;
				IPHONEOS_DEPLOYMENT_TARGET = 15.2;
				MTL_ENABLE_DEBUG_INFO = INCLUDE_SOURCE;
				MTL_FAST_MATH = YES;
				ONLY_ACTIVE_ARCH = YES;
				SDKROOT = iphoneos;
				SWIFT_ACTIVE_COMPILATION_CONDITIONS = DEBUG;
				SWIFT_OPTIMIZATION_LEVEL = "-Onone";
			};
			name = Debug;
		};
		C39C4A1C28742537000A1221 /* Release */ = {
			isa = XCBuildConfiguration;
			buildSettings = {
				ALWAYS_SEARCH_USER_PATHS = NO;
				CLANG_ANALYZER_NONNULL = YES;
				CLANG_ANALYZER_NUMBER_OBJECT_CONVERSION = YES_AGGRESSIVE;
				CLANG_CXX_LANGUAGE_STANDARD = "gnu++17";
				CLANG_CXX_LIBRARY = "libc++";
				CLANG_ENABLE_MODULES = YES;
				CLANG_ENABLE_OBJC_ARC = YES;
				CLANG_ENABLE_OBJC_WEAK = YES;
				CLANG_WARN_BLOCK_CAPTURE_AUTORELEASING = YES;
				CLANG_WARN_BOOL_CONVERSION = YES;
				CLANG_WARN_COMMA = YES;
				CLANG_WARN_CONSTANT_CONVERSION = YES;
				CLANG_WARN_DEPRECATED_OBJC_IMPLEMENTATIONS = YES;
				CLANG_WARN_DIRECT_OBJC_ISA_USAGE = YES_ERROR;
				CLANG_WARN_DOCUMENTATION_COMMENTS = YES;
				CLANG_WARN_EMPTY_BODY = YES;
				CLANG_WARN_ENUM_CONVERSION = YES;
				CLANG_WARN_INFINITE_RECURSION = YES;
				CLANG_WARN_INT_CONVERSION = YES;
				CLANG_WARN_NON_LITERAL_NULL_CONVERSION = YES;
				CLANG_WARN_OBJC_IMPLICIT_RETAIN_SELF = YES;
				CLANG_WARN_OBJC_LITERAL_CONVERSION = YES;
				CLANG_WARN_OBJC_ROOT_CLASS = YES_ERROR;
				CLANG_WARN_QUOTED_INCLUDE_IN_FRAMEWORK_HEADER = YES;
				CLANG_WARN_RANGE_LOOP_ANALYSIS = YES;
				CLANG_WARN_STRICT_PROTOTYPES = YES;
				CLANG_WARN_SUSPICIOUS_MOVE = YES;
				CLANG_WARN_UNGUARDED_AVAILABILITY = YES_AGGRESSIVE;
				CLANG_WARN_UNREACHABLE_CODE = YES;
				CLANG_WARN__DUPLICATE_METHOD_MATCH = YES;
				COPY_PHASE_STRIP = NO;
				DEBUG_INFORMATION_FORMAT = "dwarf-with-dsym";
				ENABLE_NS_ASSERTIONS = NO;
				ENABLE_STRICT_OBJC_MSGSEND = YES;
				GCC_C_LANGUAGE_STANDARD = gnu11;
				GCC_NO_COMMON_BLOCKS = YES;
				GCC_WARN_64_TO_32_BIT_CONVERSION = YES;
				GCC_WARN_ABOUT_RETURN_TYPE = YES_ERROR;
				GCC_WARN_UNDECLARED_SELECTOR = YES;
				GCC_WARN_UNINITIALIZED_AUTOS = YES_AGGRESSIVE;
				GCC_WARN_UNUSED_FUNCTION = YES;
				GCC_WARN_UNUSED_VARIABLE = YES;
				IPHONEOS_DEPLOYMENT_TARGET = 15.2;
				MTL_ENABLE_DEBUG_INFO = NO;
				MTL_FAST_MATH = YES;
				SDKROOT = iphoneos;
				SWIFT_COMPILATION_MODE = wholemodule;
				SWIFT_OPTIMIZATION_LEVEL = "-O";
				VALIDATE_PRODUCT = YES;
			};
			name = Release;
		};
		C39C4A1E28742537000A1221 /* Debug */ = {
			isa = XCBuildConfiguration;
			baseConfigurationReference = 927DA39E4A9FFD20C10F5448 /* Pods-CodebaseBooks.debug.xcconfig */;
			buildSettings = {
				ASSETCATALOG_COMPILER_APPICON_NAME = AppIcon;
				ASSETCATALOG_COMPILER_GLOBAL_ACCENT_COLOR_NAME = AccentColor;
				CODE_SIGN_STYLE = Automatic;
				CURRENT_PROJECT_VERSION = 1;
				GENERATE_INFOPLIST_FILE = YES;
				INFOPLIST_FILE = CodebaseBooks/SupportingFile/Info.plist;
				INFOPLIST_KEY_UIApplicationSupportsIndirectInputEvents = YES;
				INFOPLIST_KEY_UILaunchStoryboardName = LaunchScreen;
				INFOPLIST_KEY_UISupportedInterfaceOrientations_iPad = "UIInterfaceOrientationPortrait UIInterfaceOrientationPortraitUpsideDown UIInterfaceOrientationLandscapeLeft UIInterfaceOrientationLandscapeRight";
				INFOPLIST_KEY_UISupportedInterfaceOrientations_iPhone = "UIInterfaceOrientationPortrait UIInterfaceOrientationLandscapeLeft UIInterfaceOrientationLandscapeRight";
				LD_RUNPATH_SEARCH_PATHS = (
					"$(inherited)",
					"@executable_path/Frameworks",
				);
				MARKETING_VERSION = 1.0;
				PRODUCT_BUNDLE_IDENTIFIER = pineone.CodebaseBooks;
				PRODUCT_NAME = "$(TARGET_NAME)";
				SWIFT_EMIT_LOC_STRINGS = YES;
				SWIFT_VERSION = 5.0;
				TARGETED_DEVICE_FAMILY = "1,2";
			};
			name = Debug;
		};
		C39C4A1F28742537000A1221 /* Release */ = {
			isa = XCBuildConfiguration;
			baseConfigurationReference = EEC9BDB573ACAAF8579D2557 /* Pods-CodebaseBooks.release.xcconfig */;
			buildSettings = {
				ASSETCATALOG_COMPILER_APPICON_NAME = AppIcon;
				ASSETCATALOG_COMPILER_GLOBAL_ACCENT_COLOR_NAME = AccentColor;
				CODE_SIGN_STYLE = Automatic;
				CURRENT_PROJECT_VERSION = 1;
				GENERATE_INFOPLIST_FILE = YES;
				INFOPLIST_FILE = CodebaseBooks/SupportingFile/Info.plist;
				INFOPLIST_KEY_UIApplicationSupportsIndirectInputEvents = YES;
				INFOPLIST_KEY_UILaunchStoryboardName = LaunchScreen;
				INFOPLIST_KEY_UISupportedInterfaceOrientations_iPad = "UIInterfaceOrientationPortrait UIInterfaceOrientationPortraitUpsideDown UIInterfaceOrientationLandscapeLeft UIInterfaceOrientationLandscapeRight";
				INFOPLIST_KEY_UISupportedInterfaceOrientations_iPhone = "UIInterfaceOrientationPortrait UIInterfaceOrientationLandscapeLeft UIInterfaceOrientationLandscapeRight";
				LD_RUNPATH_SEARCH_PATHS = (
					"$(inherited)",
					"@executable_path/Frameworks",
				);
				MARKETING_VERSION = 1.0;
				PRODUCT_BUNDLE_IDENTIFIER = pineone.CodebaseBooks;
				PRODUCT_NAME = "$(TARGET_NAME)";
				SWIFT_EMIT_LOC_STRINGS = YES;
				SWIFT_VERSION = 5.0;
				TARGETED_DEVICE_FAMILY = "1,2";
			};
			name = Release;
		};
/* End XCBuildConfiguration section */

/* Begin XCConfigurationList section */
		C39C4A0428742536000A1221 /* Build configuration list for PBXProject "CodebaseBooks" */ = {
			isa = XCConfigurationList;
			buildConfigurations = (
				C39C4A1B28742537000A1221 /* Debug */,
				C39C4A1C28742537000A1221 /* Release */,
			);
			defaultConfigurationIsVisible = 0;
			defaultConfigurationName = Release;
		};
		C39C4A1D28742537000A1221 /* Build configuration list for PBXNativeTarget "CodebaseBooks" */ = {
			isa = XCConfigurationList;
			buildConfigurations = (
				C39C4A1E28742537000A1221 /* Debug */,
				C39C4A1F28742537000A1221 /* Release */,
			);
			defaultConfigurationIsVisible = 0;
			defaultConfigurationName = Release;
		};
/* End XCConfigurationList section */
	};
	rootObject = C39C4A0128742536000A1221 /* Project object */;
}
